{
  "name": "ai-pollution",
  "version": "0.4.1",
  "lockfileVersion": 3,
  "requires": true,
  "packages": {
    "": {
      "name": "ai-pollution",
      "version": "0.4.1",
      "license": "MIT",
      "bin": {
        "ai-pollution": "bin/pollution.js",
        "pollution": "bin/pollution.js"
      },
      "engines": {
        "node": ">=18.17"
      }
    }
  }
}
